// !$*UTF8*$!
{
	archiveVersion = 1;
	classes = {
	};
	objectVersion = 56;
	objects = {

/* Begin PBXBuildFile section */
		9F9BE18829FD99410072A59B /* Question_AppApp.swift in Sources */ = {isa = PBXBuildFile; fileRef = 9F9BE18729FD99410072A59B /* Question_AppApp.swift */; };
		9F9BE18A29FD99410072A59B /* ContentView.swift in Sources */ = {isa = PBXBuildFile; fileRef = 9F9BE18929FD99410072A59B /* ContentView.swift */; };
		9F9BE18C29FD99420072A59B /* Assets.xcassets in Resources */ = {isa = PBXBuildFile; fileRef = 9F9BE18B29FD99420072A59B /* Assets.xcassets */; };
		9F9BE18F29FD99420072A59B /* Preview Assets.xcassets in Resources */ = {isa = PBXBuildFile; fileRef = 9F9BE18E29FD99420072A59B /* Preview Assets.xcassets */; };
		9F9BE19929FD99420072A59B /* Question_AppTests.swift in Sources */ = {isa = PBXBuildFile; fileRef = 9F9BE19829FD99420072A59B /* Question_AppTests.swift */; };
		9F9BE1A329FD99420072A59B /* Question_AppUITests.swift in Sources */ = {isa = PBXBuildFile; fileRef = 9F9BE1A229FD99420072A59B /* Question_AppUITests.swift */; };
		9F9BE1A529FD99420072A59B /* Question_AppUITestsLaunchTests.swift in Sources */ = {isa = PBXBuildFile; fileRef = 9F9BE1A429FD99420072A59B /* Question_AppUITestsLaunchTests.swift */; };
		9F9BE1B229FD9ADD0072A59B /* firstQuestion.swift in Sources */ = {isa = PBXBuildFile; fileRef = 9F9BE1B129FD9ADD0072A59B /* firstQuestion.swift */; };
		9F9BE1B429FD9AF80072A59B /* secondQuestion.swift in Sources */ = {isa = PBXBuildFile; fileRef = 9F9BE1B329FD9AF80072A59B /* secondQuestion.swift */; };
		9F9BE1B629FD9B0B0072A59B /* thirdQuestion.swift in Sources */ = {isa = PBXBuildFile; fileRef = 9F9BE1B529FD9B0B0072A59B /* thirdQuestion.swift */; };
		9F9BE1B829FD9B310072A59B /* closingMessage.swift in Sources */ = {isa = PBXBuildFile; fileRef = 9F9BE1B729FD9B310072A59B /* closingMessage.swift */; };
/* End PBXBuildFile section */

/* Begin PBXContainerItemProxy section */
		9F9BE19529FD99420072A59B /* PBXContainerItemProxy */ = {
			isa = PBXContainerItemProxy;
			containerPortal = 9F9BE17C29FD99410072A59B /* Project object */;
			proxyType = 1;
			remoteGlobalIDString = 9F9BE18329FD99410072A59B;
			remoteInfo = "Question App";
		};
		9F9BE19F29FD99420072A59B /* PBXContainerItemProxy */ = {
			isa = PBXContainerItemProxy;
			containerPortal = 9F9BE17C29FD99410072A59B /* Project object */;
			proxyType = 1;
			remoteGlobalIDString = 9F9BE18329FD99410072A59B;
			remoteInfo = "Question App";
		};
/* End PBXContainerItemProxy section */

/* Begin PBXFileReference section */
		9F9BE18429FD99410072A59B /* Question App.app */ = {isa = PBXFileReference; explicitFileType = wrapper.application; includeInIndex = 0; path = "Question App.app"; sourceTree = BUILT_PRODUCTS_DIR; };
		9F9BE18729FD99410072A59B /* Question_AppApp.swift */ = {isa = PBXFileReference; lastKnownFileType = sourcecode.swift; path = Question_AppApp.swift; sourceTree = "<group>"; };
		9F9BE18929FD99410072A59B /* ContentView.swift */ = {isa = PBXFileReference; lastKnownFileType = sourcecode.swift; path = ContentView.swift; sourceTree = "<group>"; };
		9F9BE18B29FD99420072A59B /* Assets.xcassets */ = {isa = PBXFileReference; lastKnownFileType = folder.assetcatalog; path = Assets.xcassets; sourceTree = "<group>"; };
		9F9BE18E29FD99420072A59B /* Preview Assets.xcassets */ = {isa = PBXFileReference; lastKnownFileType = folder.assetcatalog; path = "Preview Assets.xcassets"; sourceTree = "<group>"; };
		9F9BE19429FD99420072A59B /* Question AppTests.xctest */ = {isa = PBXFileReference; explicitFileType = wrapper.cfbundle; includeInIndex = 0; path = "Question AppTests.xctest"; sourceTree = BUILT_PRODUCTS_DIR; };
		9F9BE19829FD99420072A59B /* Question_AppTests.swift */ = {isa = PBXFileReference; lastKnownFileType = sourcecode.swift; path = Question_AppTests.swift; sourceTree = "<group>"; };
		9F9BE19E29FD99420072A59B /* Question AppUITests.xctest */ = {isa = PBXFileReference; explicitFileType = wrapper.cfbundle; includeInIndex = 0; path = "Question AppUITests.xctest"; sourceTree = BUILT_PRODUCTS_DIR; };
		9F9BE1A229FD99420072A59B /* Question_AppUITests.swift */ = {isa = PBXFileReference; lastKnownFileType = sourcecode.swift; path = Question_AppUITests.swift; sourceTree = "<group>"; };
		9F9BE1A429FD99420072A59B /* Question_AppUITestsLaunchTests.swift */ = {isa = PBXFileReference; lastKnownFileType = sourcecode.swift; path = Question_AppUITestsLaunchTests.swift; sourceTree = "<group>"; };
		9F9BE1B129FD9ADD0072A59B /* firstQuestion.swift */ = {isa = PBXFileReference; lastKnownFileType = sourcecode.swift; path = firstQuestion.swift; sourceTree = "<group>"; };
		9F9BE1B329FD9AF80072A59B /* secondQuestion.swift */ = {isa = PBXFileReference; lastKnownFileType = sourcecode.swift; path = secondQuestion.swift; sourceTree = "<group>"; };
		9F9BE1B529FD9B0B0072A59B /* thirdQuestion.swift */ = {isa = PBXFileReference; lastKnownFileType = sourcecode.swift; path = thirdQuestion.swift; sourceTree = "<group>"; };
		9F9BE1B729FD9B310072A59B /* closingMessage.swift */ = {isa = PBXFileReference; lastKnownFileType = sourcecode.swift; path = closingMessage.swift; sourceTree = "<group>"; };
/* End PBXFileReference section */

/* Begin PBXFrameworksBuildPhase section */
		9F9BE18129FD99410072A59B /* Frameworks */ = {
			isa = PBXFrameworksBuildPhase;
			buildActionMask = 2147483647;
			files = (
			);
			runOnlyForDeploymentPostprocessing = 0;
		};
		9F9BE19129FD99420072A59B /* Frameworks */ = {
			isa = PBXFrameworksBuildPhase;
			buildActionMask = 2147483647;
			files = (
			);
			runOnlyForDeploymentPostprocessing = 0;
		};
		9F9BE19B29FD99420072A59B /* Frameworks */ = {
			isa = PBXFrameworksBuildPhase;
			buildActionMask = 2147483647;
			files = (
			);
			runOnlyForDeploymentPostprocessing = 0;
		};
/* End PBXFrameworksBuildPhase section */

/* Begin PBXGroup section */
		9F9BE17B29FD99410072A59B = {
			isa = PBXGroup;
			children = (
				9F9BE18629FD99410072A59B /* Question App */,
				9F9BE19729FD99420072A59B /* Question AppTests */,
				9F9BE1A129FD99420072A59B /* Question AppUITests */,
				9F9BE18529FD99410072A59B /* Products */,
			);
			sourceTree = "<group>";
		};
		9F9BE18529FD99410072A59B /* Products */ = {
			isa = PBXGroup;
			children = (
				9F9BE18429FD99410072A59B /* Question App.app */,
				9F9BE19429FD99420072A59B /* Question AppTests.xctest */,
				9F9BE19E29FD99420072A59B /* Question AppUITests.xctest */,
			);
			name = Products;
			sourceTree = "<group>";
		};
		9F9BE18629FD99410072A59B /* Question App */ = {
			isa = PBXGroup;
			children = (
				9F9BE18729FD99410072A59B /* Question_AppApp.swift */,
				9F9BE18929FD99410072A59B /* ContentView.swift */,
				9F9BE1B129FD9ADD0072A59B /* firstQuestion.swift */,
				9F9BE1B329FD9AF80072A59B /* secondQuestion.swift */,
				9F9BE1B529FD9B0B0072A59B /* thirdQuestion.swift */,
				9F9BE1B729FD9B310072A59B /* closingMessage.swift */,
				9F9BE18B29FD99420072A59B /* Assets.xcassets */,
				9F9BE18D29FD99420072A59B /* Preview Content */,
			);
			path = "Question App";
			sourceTree = "<group>";
		};
		9F9BE18D29FD99420072A59B /* Preview Content */ = {
			isa = PBXGroup;
			children = (
				9F9BE18E29FD99420072A59B /* Preview Assets.xcassets */,
			);
			path = "Preview Content";
			sourceTree = "<group>";
		};
		9F9BE19729FD99420072A59B /* Question AppTests */ = {
			isa = PBXGroup;
			children = (
				9F9BE19829FD99420072A59B /* Question_AppTests.swift */,
			);
			path = "Question AppTests";
			sourceTree = "<group>";
		};
		9F9BE1A129FD99420072A59B /* Question AppUITests */ = {
			isa = PBXGroup;
			children = (
				9F9BE1A229FD99420072A59B /* Question_AppUITests.swift */,
				9F9BE1A429FD99420072A59B /* Question_AppUITestsLaunchTests.swift */,
			);
			path = "Question AppUITests";
			sourceTree = "<group>";
		};
/* End PBXGroup section */

/* Begin PBXNativeTarget section */
		9F9BE18329FD99410072A59B /* Question App */ = {
			isa = PBXNativeTarget;
			buildConfigurationList = 9F9BE1A829FD99420072A59B /* Build configuration list for PBXNativeTarget "Question App" */;
			buildPhases = (
				9F9BE18029FD99410072A59B /* Sources */,
				9F9BE18129FD99410072A59B /* Frameworks */,
				9F9BE18229FD99410072A59B /* Resources */,
			);
			buildRules = (
			);
			dependencies = (
			);
			name = "Question App";
			productName = "Question App";
			productReference = 9F9BE18429FD99410072A59B /* Question App.app */;
			productType = "com.apple.product-type.application";
		};
		9F9BE19329FD99420072A59B /* Question AppTests */ = {
			isa = PBXNativeTarget;
			buildConfigurationList = 9F9BE1AB29FD99420072A59B /* Build configuration list for PBXNativeTarget "Question AppTests" */;
			buildPhases = (
				9F9BE19029FD99420072A59B /* Sources */,
				9F9BE19129FD99420072A59B /* Frameworks */,
				9F9BE19229FD99420072A59B /* Resources */,
			);
			buildRules = (
			);
			dependencies = (
				9F9BE19629FD99420072A59B /* PBXTargetDependency */,
			);
			name = "Question AppTests";
			productName = "Question AppTests";
			productReference = 9F9BE19429FD99420072A59B /* Question AppTests.xctest */;
			productType = "com.apple.product-type.bundle.unit-test";
		};
		9F9BE19D29FD99420072A59B /* Question AppUITests */ = {
			isa = PBXNativeTarget;
			buildConfigurationList = 9F9BE1AE29FD99420072A59B /* Build configuration list for PBXNativeTarget "Question AppUITests" */;
			buildPhases = (
				9F9BE19A29FD99420072A59B /* Sources */,
				9F9BE19B29FD99420072A59B /* Frameworks */,
				9F9BE19C29FD99420072A59B /* Resources */,
			);
			buildRules = (
			);
			dependencies = (
				9F9BE1A029FD99420072A59B /* PBXTargetDependency */,
			);
			name = "Question AppUITests";
			productName = "Question AppUITests";
			productReference = 9F9BE19E29FD99420072A59B /* Question AppUITests.xctest */;
			productType = "com.apple.product-type.bundle.ui-testing";
		};
/* End PBXNativeTarget section */

/* Begin PBXProject section */
		9F9BE17C29FD99410072A59B /* Project object */ = {
			isa = PBXProject;
			attributes = {
				BuildIndependentTargetsInParallel = 1;
				LastSwiftUpdateCheck = 1420;
				LastUpgradeCheck = 1420;
				TargetAttributes = {
					9F9BE18329FD99410072A59B = {
						CreatedOnToolsVersion = 14.2;
					};
					9F9BE19329FD99420072A59B = {
						CreatedOnToolsVersion = 14.2;
						TestTargetID = 9F9BE18329FD99410072A59B;
					};
					9F9BE19D29FD99420072A59B = {
						CreatedOnToolsVersion = 14.2;
						TestTargetID = 9F9BE18329FD99410072A59B;
					};
				};
			};
			buildConfigurationList = 9F9BE17F29FD99410072A59B /* Build configuration list for PBXProject "Question App" */;
			compatibilityVersion = "Xcode 14.0";
			developmentRegion = en;
			hasScannedForEncodings = 0;
			knownRegions = (
				en,
				Base,
			);
			mainGroup = 9F9BE17B29FD99410072A59B;
			productRefGroup = 9F9BE18529FD99410072A59B /* Products */;
			projectDirPath = "";
			projectRoot = "";
			targets = (
				9F9BE18329FD99410072A59B /* Question App */,
				9F9BE19329FD99420072A59B /* Question AppTests */,
				9F9BE19D29FD99420072A59B /* Question AppUITests */,
			);
		};
/* End PBXProject section */

/* Begin PBXResourcesBuildPhase section */
		9F9BE18229FD99410072A59B /* Resources */ = {
			isa = PBXResourcesBuildPhase;
			buildActionMask = 2147483647;
			files = (
				9F9BE18F29FD99420072A59B /* Preview Assets.xcassets in Resources */,
				9F9BE18C29FD99420072A59B /* Assets.xcassets in Resources */,
			);
			runOnlyForDeploymentPostprocessing = 0;
		};
		9F9BE19229FD99420072A59B /* Resources */ = {
			isa = PBXResourcesBuildPhase;
			buildActionMask = 2147483647;
			files = (
			);
			runOnlyForDeploymentPostprocessing = 0;
		};
		9F9BE19C29FD99420072A59B /* Resources */ = {
			isa = PBXResourcesBuildPhase;
			buildActionMask = 2147483647;
			files = (
			);
			runOnlyForDeploymentPostprocessing = 0;
		};
/* End PBXResourcesBuildPhase section */

/* Begin PBXSourcesBuildPhase section */
		9F9BE18029FD99410072A59B /* Sources */ = {
			isa = PBXSourcesBuildPhase;
			buildActionMask = 2147483647;
			files = (
				9F9BE18A29FD99410072A59B /* ContentView.swift in Sources */,
				9F9BE1B829FD9B310072A59B /* closingMessage.swift in Sources */,
				9F9BE1B229FD9ADD0072A59B /* firstQuestion.swift in Sources */,
				9F9BE18829FD99410072A59B /* Question_AppApp.swift in Sources */,
				9F9BE1B629FD9B0B0072A59B /* thirdQuestion.swift in Sources */,
				9F9BE1B429FD9AF80072A59B /* secondQuestion.swift in Sources */,
			);
			runOnlyForDeploymentPostprocessing = 0;
		};
		9F9BE19029FD99420072A59B /* Sources */ = {
			isa = PBXSourcesBuildPhase;
			buildActionMask = 2147483647;
			files = (
				9F9BE19929FD99420072A59B /* Question_AppTests.swift in Sources */,
			);
			runOnlyForDeploymentPostprocessing = 0;
		};
		9F9BE19A29FD99420072A59B /* Sources */ = {
			isa = PBXSourcesBuildPhase;
			buildActionMask = 2147483647;
			files = (
				9F9BE1A529FD99420072A59B /* Question_AppUITestsLaunchTests.swift in Sources */,
				9F9BE1A329FD99420072A59B /* Question_AppUITests.swift in Sources */,
			);
			runOnlyForDeploymentPostprocessing = 0;
		};
/* End PBXSourcesBuildPhase section */

/* Begin PBXTargetDependency section */
		9F9BE19629FD99420072A59B /* PBXTargetDependency */ = {
			isa = PBXTargetDependency;
			target = 9F9BE18329FD99410072A59B /* Question App */;
			targetProxy = 9F9BE19529FD99420072A59B /* PBXContainerItemProxy */;
		};
		9F9BE1A029FD99420072A59B /* PBXTargetDependency */ = {
			isa = PBXTargetDependency;
			target = 9F9BE18329FD99410072A59B /* Question App */;
			targetProxy = 9F9BE19F29FD99420072A59B /* PBXContainerItemProxy */;
		};
/* End PBXTargetDependency section */

/* Begin XCBuildConfiguration section */
		9F9BE1A629FD99420072A59B /* Debug */ = {
			isa = XCBuildConfiguration;
			buildSettings = {
				ALWAYS_SEARCH_USER_PATHS = NO;
				CLANG_ANALYZER_NONNULL = YES;
				CLANG_ANALYZER_NUMBER_OBJECT_CONVERSION = YES_AGGRESSIVE;
				CLANG_CXX_LANGUAGE_STANDARD = "gnu++20";
				CLANG_ENABLE_MODULES = YES;
				CLANG_ENABLE_OBJC_ARC = YES;
				CLANG_ENABLE_OBJC_WEAK = YES;
				CLANG_WARN_BLOCK_CAPTURE_AUTORELEASING = YES;
				CLANG_WARN_BOOL_CONVERSION = YES;
				CLANG_WARN_COMMA = YES;
				CLANG_WARN_CONSTANT_CONVERSION = YES;
				CLANG_WARN_DEPRECATED_OBJC_IMPLEMENTATIONS = YES;
				CLANG_WARN_DIRECT_OBJC_ISA_USAGE = YES_ERROR;
				CLANG_WARN_DOCUMENTATION_COMMENTS = YES;
				CLANG_WARN_EMPTY_BODY = YES;
				CLANG_WARN_ENUM_CONVERSION = YES;
				CLANG_WARN_INFINITE_RECURSION = YES;
				CLANG_WARN_INT_CONVERSION = YES;
				CLANG_WARN_NON_LITERAL_NULL_CONVERSION = YES;
				CLANG_WARN_OBJC_IMPLICIT_RETAIN_SELF = YES;
				CLANG_WARN_OBJC_LITERAL_CONVERSION = YES;
				CLANG_WARN_OBJC_ROOT_CLASS = YES_ERROR;
				CLANG_WARN_QUOTED_INCLUDE_IN_FRAMEWORK_HEADER = YES;
				CLANG_WARN_RANGE_LOOP_ANALYSIS = YES;
				CLANG_WARN_STRICT_PROTOTYPES = YES;
				CLANG_WARN_SUSPICIOUS_MOVE = YES;
				CLANG_WARN_UNGUARDED_AVAILABILITY = YES_AGGRESSIVE;
				CLANG_WARN_UNREACHABLE_CODE = YES;
				CLANG_WARN__DUPLICATE_METHOD_MATCH = YES;
				COPY_PHASE_STRIP = NO;
				DEBUG_INFORMATION_FORMAT = dwarf;
				ENABLE_STRICT_OBJC_MSGSEND = YES;
				ENABLE_TESTABILITY = YES;
				GCC_C_LANGUAGE_STANDARD = gnu11;
				GCC_DYNAMIC_NO_PIC = NO;
				GCC_NO_COMMON_BLOCKS = YES;
				GCC_OPTIMIZATION_LEVEL = 0;
				GCC_PREPROCESSOR_DEFINITIONS = (
					"DEBUG=1",
					"$(inherited)",
				);
				GCC_WARN_64_TO_32_BIT_CONVERSION = YES;
				GCC_WARN_ABOUT_RETURN_TYPE = YES_ERROR;
				GCC_WARN_UNDECLARED_SELECTOR = YES;
				GCC_WARN_UNINITIALIZED_AUTOS = YES_AGGRESSIVE;
				GCC_WARN_UNUSED_FUNCTION = YES;
				GCC_WARN_UNUSED_VARIABLE = YES;
				IPHONEOS_DEPLOYMENT_TARGET = 16.2;
				MTL_ENABLE_DEBUG_INFO = INCLUDE_SOURCE;
				MTL_FAST_MATH = YES;
				ONLY_ACTIVE_ARCH = YES;
				SDKROOT = iphoneos;
				SWIFT_ACTIVE_COMPILATION_CONDITIONS = DEBUG;
				SWIFT_OPTIMIZATION_LEVEL = "-Onone";
			};
			name = Debug;
		};
		9F9BE1A729FD99420072A59B /* Release */ = {
			isa = XCBuildConfiguration;
			buildSettings = {
				ALWAYS_SEARCH_USER_PATHS = NO;
				CLANG_ANALYZER_NONNULL = YES;
				CLANG_ANALYZER_NUMBER_OBJECT_CONVERSION = YES_AGGRESSIVE;
				CLANG_CXX_LANGUAGE_STANDARD = "gnu++20";
				CLANG_ENABLE_MODULES = YES;
				CLANG_ENABLE_OBJC_ARC = YES;
				CLANG_ENABLE_OBJC_WEAK = YES;
				CLANG_WARN_BLOCK_CAPTURE_AUTORELEASING = YES;
				CLANG_WARN_BOOL_CONVERSION = YES;
				CLANG_WARN_COMMA = YES;
				CLANG_WARN_CONSTANT_CONVERSION = YES;
				CLANG_WARN_DEPRECATED_OBJC_IMPLEMENTATIONS = YES;
				CLANG_WARN_DIRECT_OBJC_ISA_USAGE = YES_ERROR;
				CLANG_WARN_DOCUMENTATION_COMMENTS = YES;
				CLANG_WARN_EMPTY_BODY = YES;
				CLANG_WARN_ENUM_CONVERSION = YES;
				CLANG_WARN_INFINITE_RECURSION = YES;
				CLANG_WARN_INT_CONVERSION = YES;
				CLANG_WARN_NON_LITERAL_NULL_CONVERSION = YES;
				CLANG_WARN_OBJC_IMPLICIT_RETAIN_SELF = YES;
				CLANG_WARN_OBJC_LITERAL_CONVERSION = YES;
				CLANG_WARN_OBJC_ROOT_CLASS = YES_ERROR;
				CLANG_WARN_QUOTED_INCLUDE_IN_FRAMEWORK_HEADER = YES;
				CLANG_WARN_RANGE_LOOP_ANALYSIS = YES;
				CLANG_WARN_STRICT_PROTOTYPES = YES;
				CLANG_WARN_SUSPICIOUS_MOVE = YES;
				CLANG_WARN_UNGUARDED_AVAILABILITY = YES_AGGRESSIVE;
				CLANG_WARN_UNREACHABLE_CODE = YES;
				CLANG_WARN__DUPLICATE_METHOD_MATCH = YES;
				COPY_PHASE_STRIP = NO;
				DEBUG_INFORMATION_FORMAT = "dwarf-with-dsym";
				ENABLE_NS_ASSERTIONS = NO;
				ENABLE_STRICT_OBJC_MSGSEND = YES;
				GCC_C_LANGUAGE_STANDARD = gnu11;
				GCC_NO_COMMON_BLOCKS = YES;
				GCC_WARN_64_TO_32_BIT_CONVERSION = YES;
				GCC_WARN_ABOUT_RETURN_TYPE = YES_ERROR;
				GCC_WARN_UNDECLARED_SELECTOR = YES;
				GCC_WARN_UNINITIALIZED_AUTOS = YES_AGGRESSIVE;
				GCC_WARN_UNUSED_FUNCTION = YES;
				GCC_WARN_UNUSED_VARIABLE = YES;
				IPHONEOS_DEPLOYMENT_TARGET = 16.2;
				MTL_ENABLE_DEBUG_INFO = NO;
				MTL_FAST_MATH = YES;
				SDKROOT = iphoneos;
				SWIFT_COMPILATION_MODE = wholemodule;
				SWIFT_OPTIMIZATION_LEVEL = "-O";
				VALIDATE_PRODUCT = YES;
			};
			name = Release;
		};
		9F9BE1A929FD99420072A59B /* Debug */ = {
			isa = XCBuildConfiguration;
			buildSettings = {
				ASSETCATALOG_COMPILER_APPICON_NAME = AppIcon;
				ASSETCATALOG_COMPILER_GLOBAL_ACCENT_COLOR_NAME = AccentColor;
				CODE_SIGN_STYLE = Automatic;
				CURRENT_PROJECT_VERSION = 1;
				DEVELOPMENT_ASSET_PATHS = "\"Question App/Preview Content\"";
				DEVELOPMENT_TEAM = WW6F3JS2HJ;
				ENABLE_PREVIEWS = YES;
				GENERATE_INFOPLIST_FILE = YES;
				INFOPLIST_KEY_UIApplicationSceneManifest_Generation = YES;
				INFOPLIST_KEY_UIApplicationSupportsIndirectInputEvents = YES;
				INFOPLIST_KEY_UILaunchScreen_Generation = YES;
				INFOPLIST_KEY_UISupportedInterfaceOrientations_iPad = "UIInterfaceOrientationPortrait UIInterfaceOrientationPortraitUpsideDown UIInterfaceOrientationLandscapeLeft UIInterfaceOrientationLandscapeRight";
				INFOPLIST_KEY_UISupportedInterfaceOrientations_iPhone = "UIInterfaceOrientationPortrait UIInterfaceOrientationLandscapeLeft UIInterfaceOrientationLandscapeRight";
				LD_RUNPATH_SEARCH_PATHS = (
					"$(inherited)",
					"@executable_path/Frameworks",
				);
				MARKETING_VERSION = 1.0;
				PRODUCT_BUNDLE_IDENTIFIER = "kwk.Question-App";
				PRODUCT_NAME = "$(TARGET_NAME)";
				SWIFT_EMIT_LOC_STRINGS = YES;
				SWIFT_VERSION = 5.0;
				TARGETED_DEVICE_FAMILY = "1,2";
			};
			name = Debug;
		};
		9F9BE1AA29FD99420072A59B /* Release */ = {
			isa = XCBuildConfiguration;
			buildSettings = {
				ASSETCATALOG_COMPILER_APPICON_NAME = AppIcon;
				ASSETCATALOG_COMPILER_GLOBAL_ACCENT_COLOR_NAME = AccentColor;
				CODE_SIGN_STYLE = Automatic;
				CURRENT_PROJECT_VERSION = 1;
				DEVELOPMENT_ASSET_PATHS = "\"Question App/Preview Content\"";
				DEVELOPMENT_TEAM = WW6F3JS2HJ;
				ENABLE_PREVIEWS = YES;
				GENERATE_INFOPLIST_FILE = YES;
				INFOPLIST_KEY_UIApplicationSceneManifest_Generation = YES;
				INFOPLIST_KEY_UIApplicationSupportsIndirectInputEvents = YES;
				INFOPLIST_KEY_UILaunchScreen_Generation = YES;
				INFOPLIST_KEY_UISupportedInterfaceOrientations_iPad = "UIInterfaceOrientationPortrait UIInterfaceOrientationPortraitUpsideDown UIInterfaceOrientationLandscapeLeft UIInterfaceOrientationLandscapeRight";
				INFOPLIST_KEY_UISupportedInterfaceOrientations_iPhone = "UIInterfaceOrientationPortrait UIInterfaceOrientationLandscapeLeft UIInterfaceOrientationLandscapeRight";
				LD_RUNPATH_SEARCH_PATHS = (
					"$(inherited)",
					"@executable_path/Frameworks",
				);
				MARKETING_VERSION = 1.0;
				PRODUCT_BUNDLE_IDENTIFIER = "kwk.Question-App";
				PRODUCT_NAME = "$(TARGET_NAME)";
				SWIFT_EMIT_LOC_STRINGS = YES;
				SWIFT_VERSION = 5.0;
				TARGETED_DEVICE_FAMILY = "1,2";
			};
			name = Release;
		};
		9F9BE1AC29FD99420072A59B /* Debug */ = {
			isa = XCBuildConfiguration;
			buildSettings = {
				ALWAYS_EMBED_SWIFT_STANDARD_LIBRARIES = YES;
				BUNDLE_LOADER = "$(TEST_HOST)";
				CODE_SIGN_STYLE = Automatic;
				CURRENT_PROJECT_VERSION = 1;
				DEVELOPMENT_TEAM = WW6F3JS2HJ;
				GENERATE_INFOPLIST_FILE = YES;
				IPHONEOS_DEPLOYMENT_TARGET = 16.2;
				MARKETING_VERSION = 1.0;
				PRODUCT_BUNDLE_IDENTIFIER = "kwk.Question-AppTests";
				PRODUCT_NAME = "$(TARGET_NAME)";
				SWIFT_EMIT_LOC_STRINGS = NO;
				SWIFT_VERSION = 5.0;
				TARGETED_DEVICE_FAMILY = "1,2";
				TEST_HOST = "$(BUILT_PRODUCTS_DIR)/Question App.app/$(BUNDLE_EXECUTABLE_FOLDER_PATH)/Question App";
			};
			name = Debug;
		};
		9F9BE1AD29FD99420072A59B /* Release */ = {
			isa = XCBuildConfiguration;
			buildSettings = {
				ALWAYS_EMBED_SWIFT_STANDARD_LIBRARIES = YES;
				BUNDLE_LOADER = "$(TEST_HOST)";
				CODE_SIGN_STYLE = Automatic;
				CURRENT_PROJECT_VERSION = 1;
				DEVELOPMENT_TEAM = WW6F3JS2HJ;
				GENERATE_INFOPLIST_FILE = YES;
				IPHONEOS_DEPLOYMENT_TARGET = 16.2;
				MARKETING_VERSION = 1.0;
				PRODUCT_BUNDLE_IDENTIFIER = "kwk.Question-AppTests";
				PRODUCT_NAME = "$(TARGET_NAME)";
				SWIFT_EMIT_LOC_STRINGS = NO;
				SWIFT_VERSION = 5.0;
				TARGETED_DEVICE_FAMILY = "1,2";
				TEST_HOST = "$(BUILT_PRODUCTS_DIR)/Question App.app/$(BUNDLE_EXECUTABLE_FOLDER_PATH)/Question App";
			};
			name = Release;
		};
		9F9BE1AF29FD99420072A59B /* Debug */ = {
			isa = XCBuildConfiguration;
			buildSettings = {
				ALWAYS_EMBED_SWIFT_STANDARD_LIBRARIES = YES;
				CODE_SIGN_STYLE = Automatic;
				CURRENT_PROJECT_VERSION = 1;
				DEVELOPMENT_TEAM = WW6F3JS2HJ;
				GENERATE_INFOPLIST_FILE = YES;
				MARKETING_VERSION = 1.0;
				PRODUCT_BUNDLE_IDENTIFIER = "kwk.Question-AppUITests";
				PRODUCT_NAME = "$(TARGET_NAME)";
				SWIFT_EMIT_LOC_STRINGS = NO;
				SWIFT_VERSION = 5.0;
				TARGETED_DEVICE_FAMILY = "1,2";
				TEST_TARGET_NAME = "Question App";
			};
			name = Debug;
		};
		9F9BE1B029FD99420072A59B /* Release */ = {
			isa = XCBuildConfiguration;
			buildSettings = {
				ALWAYS_EMBED_SWIFT_STANDARD_LIBRARIES = YES;
				CODE_SIGN_STYLE = Automatic;
				CURRENT_PROJECT_VERSION = 1;
				DEVELOPMENT_TEAM = WW6F3JS2HJ;
				GENERATE_INFOPLIST_FILE = YES;
				MARKETING_VERSION = 1.0;
				PRODUCT_BUNDLE_IDENTIFIER = "kwk.Question-AppUITests";
				PRODUCT_NAME = "$(TARGET_NAME)";
				SWIFT_EMIT_LOC_STRINGS = NO;
				SWIFT_VERSION = 5.0;
				TARGETED_DEVICE_FAMILY = "1,2";
				TEST_TARGET_NAME = "Question App";
			};
			name = Release;
		};
/* End XCBuildConfiguration section */

/* Begin XCConfigurationList section */
		9F9BE17F29FD99410072A59B /* Build configuration list for PBXProject "Question App" */ = {
			isa = XCConfigurationList;
			buildConfigurations = (
				9F9BE1A629FD99420072A59B /* Debug */,
				9F9BE1A729FD99420072A59B /* Release */,
			);
			defaultConfigurationIsVisible = 0;
			defaultConfigurationName = Release;
		};
		9F9BE1A829FD99420072A59B /* Build configuration list for PBXNativeTarget "Question App" */ = {
			isa = XCConfigurationList;
			buildConfigurations = (
				9F9BE1A929FD99420072A59B /* Debug */,
				9F9BE1AA29FD99420072A59B /* Release */,
			);
			defaultConfigurationIsVisible = 0;
			defaultConfigurationName = Release;
		};
		9F9BE1AB29FD99420072A59B /* Build configuration list for PBXNativeTarget "Question AppTests" */ = {
			isa = XCConfigurationList;
			buildConfigurations = (
				9F9BE1AC29FD99420072A59B /* Debug */,
				9F9BE1AD29FD99420072A59B /* Release */,
			);
			defaultConfigurationIsVisible = 0;
			defaultConfigurationName = Release;
		};
		9F9BE1AE29FD99420072A59B /* Build configuration list for PBXNativeTarget "Question AppUITests" */ = {
			isa = XCConfigurationList;
			buildConfigurations = (
				9F9BE1AF29FD99420072A59B /* Debug */,
				9F9BE1B029FD99420072A59B /* Release */,
			);
			defaultConfigurationIsVisible = 0;
			defaultConfigurationName = Release;
		};
/* End XCConfigurationList section */
	};
	rootObject = 9F9BE17C29FD99410072A59B /* Project object */;
}
